
Microsoft Visual Studio Solution File, Format Version 12.00
# Visual Studio Version 17
VisualStudioVersion = 17.9.34714.143
MinimumVisualStudioVersion = 10.0.40219.1
Project("{9A19103F-16F7-4668-BE54-9A1E7A4F7556}") = "RockEngine.Vulkan", "RockEngine.Vulkan\RockEngine.Vulkan.csproj", "{2219DF0A-CB08-4355-B92D-A0ADB5BF0F80}"
EndProject
Project("{9A19103F-16F7-4668-BE54-9A1E7A4F7556}") = "RockEngine.Benchmarks", "RockEngine.Benchmarks\RockEngine.Benchmarks.csproj", "{BF64A07D-6AD4-498E-9933-85FB00B3A8BB}"
EndProject
Global
	GlobalSection(SolutionConfigurationPlatforms) = preSolution
		Debug|Any CPU = Debug|Any CPU
		Release|Any CPU = Release|Any CPU
	EndGlobalSection
	GlobalSection(ProjectConfigurationPlatforms) = postSolution
		{2219DF0A-CB08-4355-B92D-A0ADB5BF0F80}.Debug|Any CPU.ActiveCfg = Debug|Any CPU
		{2219DF0A-CB08-4355-B92D-A0ADB5BF0F80}.Debug|Any CPU.Build.0 = Debug|Any CPU
		{2219DF0A-CB08-4355-B92D-A0ADB5BF0F80}.Release|Any CPU.ActiveCfg = Release|Any CPU
		{2219DF0A-CB08-4355-B92D-A0ADB5BF0F80}.Release|Any CPU.Build.0 = Release|Any CPU
		{BF64A07D-6AD4-498E-9933-85FB00B3A8BB}.Debug|Any CPU.ActiveCfg = Debug|Any CPU
		{BF64A07D-6AD4-498E-9933-85FB00B3A8BB}.Debug|Any CPU.Build.0 = Debug|Any CPU
		{BF64A07D-6AD4-498E-9933-85FB00B3A8BB}.Release|Any CPU.ActiveCfg = Release|Any CPU
		{BF64A07D-6AD4-498E-9933-85FB00B3A8BB}.Release|Any CPU.Build.0 = Release|Any CPU
	EndGlobalSection
	GlobalSection(SolutionProperties) = preSolution
		HideSolutionNode = FALSE
	EndGlobalSection
	GlobalSection(ExtensibilityGlobals) = postSolution
		SolutionGuid = {2362F370-E674-4921-AE9E-4362D929B68C}
	EndGlobalSection
EndGlobal
