
Microsoft Visual Studio Solution File, Format Version 12.00
# Visual Studio Version 18
VisualStudioVersion = 18.3.11310.294
MinimumVisualStudioVersion = 10.0.40219.1
Project("{9A19103F-16F7-4668-BE54-9A1E7A4F7556}") = "RockEngine.Editor", "RockEngine.Editor\RockEngine.Editor.csproj", "{1EC15AC1-2C9A-4392-85E9-CFEB6526271A}"
EndProject
Project("{9A19103F-16F7-4668-BE54-9A1E7A4F7556}") = "RockEngine.Vulkan", "RockEngine.Vulkan\RockEngine.Vulkan.csproj", "{70306024-D306-4DB4-B6A5-A7D08BE0C694}"
EndProject
Project("{9A19103F-16F7-4668-BE54-9A1E7A4F7556}") = "RockEngine.Core", "RockEngine.Core\RockEngine.Core.csproj", "{EAE3D86E-B08B-4210-AF85-2D9199AA3DE3}"
EndProject
Project("{FAE04EC0-301F-11D3-BF4B-00C04F79EFBC}") = "RockEngine.Tests", "RockEngine.Tests\RockEngine.Tests.csproj", "{85A3AE92-CA47-4A06-BC5D-CBA1654DBF00}"
EndProject
Project("{2150E333-8FDC-42A3-9474-1A3956D46DE8}") = "Tests", "Tests", "{D8AD4ACA-5974-4212-97EE-F1D713AF073E}"
EndProject
Project("{2150E333-8FDC-42A3-9474-1A3956D46DE8}") = "Benchmarks", "Benchmarks", "{8B5F2555-FC46-4661-B777-665F30C52170}"
EndProject
Project("{FAE04EC0-301F-11D3-BF4B-00C04F79EFBC}") = "RockEngine.Benchmarks", "RockEngine.Benchmarks\RockEngine.Benchmarks.csproj", "{2AD332D4-CFEA-47B4-AAE1-5E3D472055A2}"
EndProject
Project("{2150E333-8FDC-42A3-9474-1A3956D46DE8}") = "Solution Items", "Solution Items", "{36D591C7-65C7-A0D1-1CBC-10CDE441BDC8}"
	ProjectSection(SolutionItems) = preProject
		.editorconfig = .editorconfig
	EndProjectSection
EndProject
Project("{2150E333-8FDC-42A3-9474-1A3956D46DE8}") = "Analyzer", "Analyzer", "{5208040B-5E4B-42EC-B07E-618740C6167F}"
EndProject
Project("{FAE04EC0-301F-11D3-BF4B-00C04F79EFBC}") = "RockEngine.Analyzer", "RockEngine.Analyzer\RockEngine.Analyzer\RockEngine.Analyzer.csproj", "{35A9515B-74A9-4F52-A157-E2DB55FB5131}"
EndProject
Project("{FAE04EC0-301F-11D3-BF4B-00C04F79EFBC}") = "RockEngine.Analyzer.CodeFixes", "RockEngine.Analyzer\RockEngine.Analyzer.CodeFixes\RockEngine.Analyzer.CodeFixes.csproj", "{19D18E0A-13C0-4289-B80A-CA14B1C6F3FD}"
EndProject
Project("{FAE04EC0-301F-11D3-BF4B-00C04F79EFBC}") = "RockEngine.Analyzer.Package", "RockEngine.Analyzer\RockEngine.Analyzer.Package\RockEngine.Analyzer.Package.csproj", "{96E5D3BA-4DAC-4716-BEEE-952D153740A6}"
EndProject
Project("{FAE04EC0-301F-11D3-BF4B-00C04F79EFBC}") = "RockEngine.Analyzer.Test", "RockEngine.Analyzer\RockEngine.Analyzer.Test\RockEngine.Analyzer.Test.csproj", "{7F9E935D-EECF-43B0-876D-CBF6FB5D73AA}"
EndProject
Project("{FAE04EC0-301F-11D3-BF4B-00C04F79EFBC}") = "RockEngine.Analyzer.Vsix", "RockEngine.Analyzer\RockEngine.Analyzer.Vsix\RockEngine.Analyzer.Vsix.csproj", "{87838B85-70A7-4B1D-A516-1017434B3C6C}"
EndProject
Project("{2150E333-8FDC-42A3-9474-1A3956D46DE8}") = "Apps", "Apps", "{A6A519B1-3564-440B-A3B9-A3812F59E1AA}"
EndProject
Project("{2150E333-8FDC-42A3-9474-1A3956D46DE8}") = "Core", "Core", "{7ED2A0B0-2159-42F9-B0A5-F13E5649C427}"
EndProject
Project("{2150E333-8FDC-42A3-9474-1A3956D46DE8}") = "SourceGenerators", "SourceGenerators", "{2214071E-7540-45CF-B200-416E412B5BB7}"
EndProject
Project("{FAE04EC0-301F-11D3-BF4B-00C04F79EFBC}") = "RockEngine.CodeGenerator", "RockEngine.CodeGenerator\RockEngine.CodeGenerator.csproj", "{244F3EE5-CFDA-4186-A16B-8DD65AA78870}"
EndProject
Project("{FAE04EC0-301F-11D3-BF4B-00C04F79EFBC}") = "RockEngine.Mathematics", "RockEngine.Math\RockEngine.Mathematics.csproj", "{4FCB8A80-63F9-44D8-B2B5-37747F92DA00}"
EndProject
Project("{FAE04EC0-301F-11D3-BF4B-00C04F79EFBC}") = "RockEngine.Shading", "RockEngine.Shading\RockEngine.Shading.csproj", "{C0851018-7B49-4BB0-A5ED-3170F8126787}"
EndProject
Project("{FAE04EC0-301F-11D3-BF4B-00C04F79EFBC}") = "RockEngine.Physics", "RockEngine.Physics\RockEngine.Physics.csproj", "{FAA634F2-DF56-42C5-8542-884F9FFB44DF}"
EndProject
Global
	GlobalSection(SolutionConfigurationPlatforms) = preSolution
		Debug|Any CPU = Debug|Any CPU
		Release|Any CPU = Release|Any CPU
	EndGlobalSection
	GlobalSection(ProjectConfigurationPlatforms) = postSolution
		{1EC15AC1-2C9A-4392-85E9-CFEB6526271A}.Debug|Any CPU.ActiveCfg = Debug|Any CPU
		{1EC15AC1-2C9A-4392-85E9-CFEB6526271A}.Debug|Any CPU.Build.0 = Debug|Any CPU
		{1EC15AC1-2C9A-4392-85E9-CFEB6526271A}.Release|Any CPU.ActiveCfg = Release|Any CPU
		{1EC15AC1-2C9A-4392-85E9-CFEB6526271A}.Release|Any CPU.Build.0 = Release|Any CPU
		{70306024-D306-4DB4-B6A5-A7D08BE0C694}.Debug|Any CPU.ActiveCfg = Debug|Any CPU
		{70306024-D306-4DB4-B6A5-A7D08BE0C694}.Debug|Any CPU.Build.0 = Debug|Any CPU
		{70306024-D306-4DB4-B6A5-A7D08BE0C694}.Release|Any CPU.ActiveCfg = Release|Any CPU
		{70306024-D306-4DB4-B6A5-A7D08BE0C694}.Release|Any CPU.Build.0 = Release|Any CPU
		{EAE3D86E-B08B-4210-AF85-2D9199AA3DE3}.Debug|Any CPU.ActiveCfg = Debug|Any CPU
		{EAE3D86E-B08B-4210-AF85-2D9199AA3DE3}.Debug|Any CPU.Build.0 = Debug|Any CPU
		{EAE3D86E-B08B-4210-AF85-2D9199AA3DE3}.Release|Any CPU.ActiveCfg = Release|Any CPU
		{EAE3D86E-B08B-4210-AF85-2D9199AA3DE3}.Release|Any CPU.Build.0 = Release|Any CPU
		{85A3AE92-CA47-4A06-BC5D-CBA1654DBF00}.Debug|Any CPU.ActiveCfg = Debug|Any CPU
		{85A3AE92-CA47-4A06-BC5D-CBA1654DBF00}.Debug|Any CPU.Build.0 = Debug|Any CPU
		{85A3AE92-CA47-4A06-BC5D-CBA1654DBF00}.Release|Any CPU.ActiveCfg = Release|Any CPU
		{85A3AE92-CA47-4A06-BC5D-CBA1654DBF00}.Release|Any CPU.Build.0 = Release|Any CPU
		{2AD332D4-CFEA-47B4-AAE1-5E3D472055A2}.Debug|Any CPU.ActiveCfg = Debug|Any CPU
		{2AD332D4-CFEA-47B4-AAE1-5E3D472055A2}.Debug|Any CPU.Build.0 = Debug|Any CPU
		{2AD332D4-CFEA-47B4-AAE1-5E3D472055A2}.Release|Any CPU.ActiveCfg = Release|Any CPU
		{2AD332D4-CFEA-47B4-AAE1-5E3D472055A2}.Release|Any CPU.Build.0 = Release|Any CPU
		{35A9515B-74A9-4F52-A157-E2DB55FB5131}.Debug|Any CPU.ActiveCfg = Debug|Any CPU
		{35A9515B-74A9-4F52-A157-E2DB55FB5131}.Debug|Any CPU.Build.0 = Debug|Any CPU
		{35A9515B-74A9-4F52-A157-E2DB55FB5131}.Release|Any CPU.ActiveCfg = Release|Any CPU
		{35A9515B-74A9-4F52-A157-E2DB55FB5131}.Release|Any CPU.Build.0 = Release|Any CPU
		{19D18E0A-13C0-4289-B80A-CA14B1C6F3FD}.Debug|Any CPU.ActiveCfg = Debug|Any CPU
		{19D18E0A-13C0-4289-B80A-CA14B1C6F3FD}.Debug|Any CPU.Build.0 = Debug|Any CPU
		{19D18E0A-13C0-4289-B80A-CA14B1C6F3FD}.Release|Any CPU.ActiveCfg = Release|Any CPU
		{19D18E0A-13C0-4289-B80A-CA14B1C6F3FD}.Release|Any CPU.Build.0 = Release|Any CPU
		{96E5D3BA-4DAC-4716-BEEE-952D153740A6}.Debug|Any CPU.ActiveCfg = Debug|Any CPU
		{96E5D3BA-4DAC-4716-BEEE-952D153740A6}.Debug|Any CPU.Build.0 = Debug|Any CPU
		{96E5D3BA-4DAC-4716-BEEE-952D153740A6}.Release|Any CPU.ActiveCfg = Release|Any CPU
		{96E5D3BA-4DAC-4716-BEEE-952D153740A6}.Release|Any CPU.Build.0 = Release|Any CPU
		{7F9E935D-EECF-43B0-876D-CBF6FB5D73AA}.Debug|Any CPU.ActiveCfg = Debug|Any CPU
		{7F9E935D-EECF-43B0-876D-CBF6FB5D73AA}.Debug|Any CPU.Build.0 = Debug|Any CPU
		{7F9E935D-EECF-43B0-876D-CBF6FB5D73AA}.Release|Any CPU.ActiveCfg = Release|Any CPU
		{7F9E935D-EECF-43B0-876D-CBF6FB5D73AA}.Release|Any CPU.Build.0 = Release|Any CPU
		{87838B85-70A7-4B1D-A516-1017434B3C6C}.Debug|Any CPU.ActiveCfg = Debug|Any CPU
		{87838B85-70A7-4B1D-A516-1017434B3C6C}.Debug|Any CPU.Build.0 = Debug|Any CPU
		{87838B85-70A7-4B1D-A516-1017434B3C6C}.Release|Any CPU.ActiveCfg = Release|Any CPU
		{87838B85-70A7-4B1D-A516-1017434B3C6C}.Release|Any CPU.Build.0 = Release|Any CPU
		{244F3EE5-CFDA-4186-A16B-8DD65AA78870}.Debug|Any CPU.ActiveCfg = Debug|Any CPU
		{244F3EE5-CFDA-4186-A16B-8DD65AA78870}.Debug|Any CPU.Build.0 = Debug|Any CPU
		{244F3EE5-CFDA-4186-A16B-8DD65AA78870}.Release|Any CPU.ActiveCfg = Release|Any CPU
		{244F3EE5-CFDA-4186-A16B-8DD65AA78870}.Release|Any CPU.Build.0 = Release|Any CPU
		{4FCB8A80-63F9-44D8-B2B5-37747F92DA00}.Debug|Any CPU.ActiveCfg = Debug|Any CPU
		{4FCB8A80-63F9-44D8-B2B5-37747F92DA00}.Debug|Any CPU.Build.0 = Debug|Any CPU
		{4FCB8A80-63F9-44D8-B2B5-37747F92DA00}.Release|Any CPU.ActiveCfg = Release|Any CPU
		{4FCB8A80-63F9-44D8-B2B5-37747F92DA00}.Release|Any CPU.Build.0 = Release|Any CPU
		{C0851018-7B49-4BB0-A5ED-3170F8126787}.Debug|Any CPU.ActiveCfg = Debug|Any CPU
		{C0851018-7B49-4BB0-A5ED-3170F8126787}.Debug|Any CPU.Build.0 = Debug|Any CPU
		{C0851018-7B49-4BB0-A5ED-3170F8126787}.Release|Any CPU.ActiveCfg = Release|Any CPU
		{C0851018-7B49-4BB0-A5ED-3170F8126787}.Release|Any CPU.Build.0 = Release|Any CPU
		{FAA634F2-DF56-42C5-8542-884F9FFB44DF}.Debug|Any CPU.ActiveCfg = Debug|Any CPU
		{FAA634F2-DF56-42C5-8542-884F9FFB44DF}.Debug|Any CPU.Build.0 = Debug|Any CPU
		{FAA634F2-DF56-42C5-8542-884F9FFB44DF}.Release|Any CPU.ActiveCfg = Release|Any CPU
		{FAA634F2-DF56-42C5-8542-884F9FFB44DF}.Release|Any CPU.Build.0 = Release|Any CPU
	EndGlobalSection
	GlobalSection(SolutionProperties) = preSolution
		HideSolutionNode = FALSE
	EndGlobalSection
	GlobalSection(NestedProjects) = preSolution
		{1EC15AC1-2C9A-4392-85E9-CFEB6526271A} = {A6A519B1-3564-440B-A3B9-A3812F59E1AA}
		{70306024-D306-4DB4-B6A5-A7D08BE0C694} = {7ED2A0B0-2159-42F9-B0A5-F13E5649C427}
		{EAE3D86E-B08B-4210-AF85-2D9199AA3DE3} = {7ED2A0B0-2159-42F9-B0A5-F13E5649C427}
		{85A3AE92-CA47-4A06-BC5D-CBA1654DBF00} = {D8AD4ACA-5974-4212-97EE-F1D713AF073E}
		{2AD332D4-CFEA-47B4-AAE1-5E3D472055A2} = {8B5F2555-FC46-4661-B777-665F30C52170}
		{35A9515B-74A9-4F52-A157-E2DB55FB5131} = {5208040B-5E4B-42EC-B07E-618740C6167F}
		{19D18E0A-13C0-4289-B80A-CA14B1C6F3FD} = {5208040B-5E4B-42EC-B07E-618740C6167F}
		{96E5D3BA-4DAC-4716-BEEE-952D153740A6} = {5208040B-5E4B-42EC-B07E-618740C6167F}
		{7F9E935D-EECF-43B0-876D-CBF6FB5D73AA} = {5208040B-5E4B-42EC-B07E-618740C6167F}
		{87838B85-70A7-4B1D-A516-1017434B3C6C} = {5208040B-5E4B-42EC-B07E-618740C6167F}
		{244F3EE5-CFDA-4186-A16B-8DD65AA78870} = {2214071E-7540-45CF-B200-416E412B5BB7}
		{4FCB8A80-63F9-44D8-B2B5-37747F92DA00} = {7ED2A0B0-2159-42F9-B0A5-F13E5649C427}
		{C0851018-7B49-4BB0-A5ED-3170F8126787} = {2214071E-7540-45CF-B200-416E412B5BB7}
		{FAA634F2-DF56-42C5-8542-884F9FFB44DF} = {7ED2A0B0-2159-42F9-B0A5-F13E5649C427}
	EndGlobalSection
	GlobalSection(ExtensibilityGlobals) = postSolution
		SolutionGuid = {69E3A2A2-AB4B-4875-A1C7-99BF0E221F23}
	EndGlobalSection
EndGlobal
